
Microsoft Visual Studio Solution File, Format Version 12.00
# Visual Studio 15
VisualStudioVersion = 15.0.26430.14
MinimumVisualStudioVersion = 10.0.40219.1
Project("{FAE04EC0-301F-11D3-BF4B-00C04F79EFBC}") = "OutlookAddIn1", "OutlookAddIn1\OutlookAddIn1.csproj", "{868C6082-C8E8-4B1F-89B6-D808EF2BE2E9}"
EndProject
Global
	GlobalSection(SolutionConfigurationPlatforms) = preSolution
		Debug|Any CPU = Debug|Any CPU
		Release|Any CPU = Release|Any CPU
	EndGlobalSection
	GlobalSection(ProjectConfigurationPlatforms) = postSolution
		{868C6082-C8E8-4B1F-89B6-D808EF2BE2E9}.Debug|Any CPU.ActiveCfg = Debug|Any CPU
		{868C6082-C8E8-4B1F-89B6-D808EF2BE2E9}.Debug|Any CPU.Build.0 = Debug|Any CPU
		{868C6082-C8E8-4B1F-89B6-D808EF2BE2E9}.Release|Any CPU.ActiveCfg = Release|Any CPU
		{868C6082-C8E8-4B1F-89B6-D808EF2BE2E9}.Release|Any CPU.Build.0 = Release|Any CPU
	EndGlobalSection
	GlobalSection(SolutionProperties) = preSolution
		HideSolutionNode = FALSE
	EndGlobalSection
EndGlobal
